{
  "name": "tell-us-who-you-employ",
  "requires": true,
  "lockfileVersion": 1,
  "dependencies": {
    "bucks-fis-design-library": {
      "version": "1.0.7",
      "resolved": "https://registry.npmjs.org/bucks-fis-design-library/-/bucks-fis-design-library-1.0.7.tgz",
      "integrity": "sha512-tMqWW8ERXvIgehM45dS26RPWF1roL9uyysRiMSJFNT3B8R5hjijJZNjmxb8nKmSiGHDmX/ea/HeAfsvLH0JBhA=="
    }
  }
}
