{
  "name": "tell-us-who-you-employ",
  "lockfileVersion": 2,
  "requires": true,
  "packages": {
    "": {
      "dependencies": {
        "bucks-fis-design-library": "^1.0.8"
      }
    },
    "node_modules/bucks-fis-design-library": {
      "version": "1.0.8",
      "resolved": "https://registry.npmjs.org/bucks-fis-design-library/-/bucks-fis-design-library-1.0.8.tgz",
      "integrity": "sha512-UnJwgGnh5rVFCIJYn1GAtlNegIPi64JbXSeKBxNuIaKkdN2P5Vu3jdA4Tv8QEW/8OtdgmLh9ku0KOFlFfMAReA=="
    }
  },
  "dependencies": {
    "bucks-fis-design-library": {
      "version": "1.0.8",
      "resolved": "https://registry.npmjs.org/bucks-fis-design-library/-/bucks-fis-design-library-1.0.8.tgz",
      "integrity": "sha512-UnJwgGnh5rVFCIJYn1GAtlNegIPi64JbXSeKBxNuIaKkdN2P5Vu3jdA4Tv8QEW/8OtdgmLh9ku0KOFlFfMAReA=="
    }
  }
}
