{
  "name": "tell-us-who-you-employ",
  "requires": true,
  "lockfileVersion": 1,
  "dependencies": {
    "bucks-fis-design-library": {
      "version": "1.0.1",
      "resolved": "https://registry.npmjs.org/bucks-fis-design-library/-/bucks-fis-design-library-1.0.1.tgz",
      "integrity": "sha512-wTEjYplj59dHQ0Ow7lHXn0YCYfdYMEBvLVFzns8N4Tt0tSBTc1Wga1N6BAeglxpRBWbt9pjBPt6PdFHEfYBr9w=="
    }
  }
}
