# THIS IS AN AUTOGENERATED FILE. DO NOT EDIT THIS FILE DIRECTLY.
# yarn lockfile v1


"@outpost-platform/outpost-design-library@^1.0.11":
  version "1.0.11"
  resolved "https://registry.yarnpkg.com/@outpost-platform/outpost-design-library/-/outpost-design-library-1.0.11.tgz#119da66fa4f541660a440f8a3202d748ed20dc55"
  integrity sha512-6rBZ7dyjxnNTFIqWCj70mfGH3kO8qk0HUFcDhI7o+AJ7ZHBs58uBjYHC/pPWKwnQMUEz5MUWq5acxWlkRa5JJw==
