# THIS IS AN AUTOGENERATED FILE. DO NOT EDIT THIS FILE DIRECTLY.
# yarn lockfile v1


bucks-fis-design-library@^1.0.8:
  version "1.0.8"
  resolved "https://registry.yarnpkg.com/bucks-fis-design-library/-/bucks-fis-design-library-1.0.8.tgz#cdbee19122deed3e57c0960bf4f8a904db59f0c5"
  integrity sha512-UnJwgGnh5rVFCIJYn1GAtlNegIPi64JbXSeKBxNuIaKkdN2P5Vu3jdA4Tv8QEW/8OtdgmLh9ku0KOFlFfMAReA==
